// !$*UTF8*$!
{
	archiveVersion = 1;
	classes = {
	};
	objectVersion = 52;
	objects = {

/* Begin PBXBuildFile section */
		1087428826E1A9B100E9FBD3 /* AlamofireImage in Frameworks */ = {isa = PBXBuildFile; productRef = 1087428726E1A9B100E9FBD3 /* AlamofireImage */; };
		1087428A26E2781F00E9FBD3 /* MovieDetailsViewController.swift in Sources */ = {isa = PBXBuildFile; fileRef = 1087428926E2781F00E9FBD3 /* MovieDetailsViewController.swift */; };
		1087428C26E2F27300E9FBD3 /* MovieGridViewController.swift in Sources */ = {isa = PBXBuildFile; fileRef = 1087428B26E2F27300E9FBD3 /* MovieGridViewController.swift */; };
		1087429426E2FC1800E9FBD3 /* MovieGridCell.swift in Sources */ = {isa = PBXBuildFile; fileRef = 1087429326E2FC1800E9FBD3 /* MovieGridCell.swift */; };
		1087429626E2FFD500E9FBD3 /* MovieCell.swift in Sources */ = {isa = PBXBuildFile; fileRef = 1087429526E2FFD500E9FBD3 /* MovieCell.swift */; };
		10FA884C26E027430098E45D /* AppDelegate.swift in Sources */ = {isa = PBXBuildFile; fileRef = 10FA884B26E027430098E45D /* AppDelegate.swift */; };
		10FA884E26E027430098E45D /* SceneDelegate.swift in Sources */ = {isa = PBXBuildFile; fileRef = 10FA884D26E027430098E45D /* SceneDelegate.swift */; };
		10FA885026E027430098E45D /* ViewController.swift in Sources */ = {isa = PBXBuildFile; fileRef = 10FA884F26E027430098E45D /* ViewController.swift */; };
		10FA885326E027430098E45D /* Main.storyboard in Resources */ = {isa = PBXBuildFile; fileRef = 10FA885126E027430098E45D /* Main.storyboard */; };
		10FA885526E027470098E45D /* Assets.xcassets in Resources */ = {isa = PBXBuildFile; fileRef = 10FA885426E027470098E45D /* Assets.xcassets */; };
		10FA885826E027470098E45D /* LaunchScreen.storyboard in Resources */ = {isa = PBXBuildFile; fileRef = 10FA885626E027470098E45D /* LaunchScreen.storyboard */; };
		10FA886326E027470098E45D /* flixterTests.swift in Sources */ = {isa = PBXBuildFile; fileRef = 10FA886226E027470098E45D /* flixterTests.swift */; };
		10FA886E26E027470098E45D /* flixterUITests.swift in Sources */ = {isa = PBXBuildFile; fileRef = 10FA886D26E027470098E45D /* flixterUITests.swift */; };
		10FA887C26E027D90098E45D /* MoviesViewController.swift in Sources */ = {isa = PBXBuildFile; fileRef = 10FA887B26E027D90098E45D /* MoviesViewController.swift */; };
		230A54B3286BD6AF01BA8E11 /* Pods_flixterTests.framework in Frameworks */ = {isa = PBXBuildFile; fileRef = 89B5643AD77ED46F893F2EDA /* Pods_flixterTests.framework */; };
		A8FC060F71E744CC9C8C0F05 /* Pods_flixter.framework in Frameworks */ = {isa = PBXBuildFile; fileRef = 0AC83DF47E16E3FF72F8B148 /* Pods_flixter.framework */; };
		E48B7CA6790AF608158DC337 /* Pods_flixter_flixterUITests.framework in Frameworks */ = {isa = PBXBuildFile; fileRef = 8A08CAF38CA2429F5EDD79FD /* Pods_flixter_flixterUITests.framework */; };
/* End PBXBuildFile section */

/* Begin PBXContainerItemProxy section */
		10FA885F26E027470098E45D /* PBXContainerItemProxy */ = {
			isa = PBXContainerItemProxy;
			containerPortal = 10FA884026E027430098E45D /* Project object */;
			proxyType = 1;
			remoteGlobalIDString = 10FA884726E027430098E45D;
			remoteInfo = flixter;
		};
		10FA886A26E027470098E45D /* PBXContainerItemProxy */ = {
			isa = PBXContainerItemProxy;
			containerPortal = 10FA884026E027430098E45D /* Project object */;
			proxyType = 1;
			remoteGlobalIDString = 10FA884726E027430098E45D;
			remoteInfo = flixter;
		};
/* End PBXContainerItemProxy section */

/* Begin PBXFileReference section */
		0AC83DF47E16E3FF72F8B148 /* Pods_flixter.framework */ = {isa = PBXFileReference; explicitFileType = wrapper.framework; includeInIndex = 0; path = Pods_flixter.framework; sourceTree = BUILT_PRODUCTS_DIR; };
		1087428926E2781F00E9FBD3 /* MovieDetailsViewController.swift */ = {isa = PBXFileReference; lastKnownFileType = sourcecode.swift; path = MovieDetailsViewController.swift; sourceTree = "<group>"; };
		1087428B26E2F27300E9FBD3 /* MovieGridViewController.swift */ = {isa = PBXFileReference; lastKnownFileType = sourcecode.swift; path = MovieGridViewController.swift; sourceTree = "<group>"; };
		1087429326E2FC1800E9FBD3 /* MovieGridCell.swift */ = {isa = PBXFileReference; lastKnownFileType = sourcecode.swift; path = MovieGridCell.swift; sourceTree = "<group>"; };
		1087429526E2FFD500E9FBD3 /* MovieCell.swift */ = {isa = PBXFileReference; fileEncoding = 4; lastKnownFileType = sourcecode.swift; name = MovieCell.swift; path = ../../../../../.Trash/MovieCell.swift; sourceTree = "<group>"; };
		10FA884826E027430098E45D /* flixter.app */ = {isa = PBXFileReference; explicitFileType = wrapper.application; includeInIndex = 0; path = flixter.app; sourceTree = BUILT_PRODUCTS_DIR; };
		10FA884B26E027430098E45D /* AppDelegate.swift */ = {isa = PBXFileReference; lastKnownFileType = sourcecode.swift; path = AppDelegate.swift; sourceTree = "<group>"; };
		10FA884D26E027430098E45D /* SceneDelegate.swift */ = {isa = PBXFileReference; lastKnownFileType = sourcecode.swift; path = SceneDelegate.swift; sourceTree = "<group>"; };
		10FA884F26E027430098E45D /* ViewController.swift */ = {isa = PBXFileReference; lastKnownFileType = sourcecode.swift; path = ViewController.swift; sourceTree = "<group>"; };
		10FA885226E027430098E45D /* Base */ = {isa = PBXFileReference; lastKnownFileType = file.storyboard; name = Base; path = Base.lproj/Main.storyboard; sourceTree = "<group>"; };
		10FA885426E027470098E45D /* Assets.xcassets */ = {isa = PBXFileReference; lastKnownFileType = folder.assetcatalog; path = Assets.xcassets; sourceTree = "<group>"; };
		10FA885726E027470098E45D /* Base */ = {isa = PBXFileReference; lastKnownFileType = file.storyboard; name = Base; path = Base.lproj/LaunchScreen.storyboard; sourceTree = "<group>"; };
		10FA885926E027470098E45D /* Info.plist */ = {isa = PBXFileReference; lastKnownFileType = text.plist.xml; path = Info.plist; sourceTree = "<group>"; };
		10FA885E26E027470098E45D /* flixterTests.xctest */ = {isa = PBXFileReference; explicitFileType = wrapper.cfbundle; includeInIndex = 0; path = flixterTests.xctest; sourceTree = BUILT_PRODUCTS_DIR; };
		10FA886226E027470098E45D /* flixterTests.swift */ = {isa = PBXFileReference; lastKnownFileType = sourcecode.swift; path = flixterTests.swift; sourceTree = "<group>"; };
		10FA886426E027470098E45D /* Info.plist */ = {isa = PBXFileReference; lastKnownFileType = text.plist.xml; path = Info.plist; sourceTree = "<group>"; };
		10FA886926E027470098E45D /* flixterUITests.xctest */ = {isa = PBXFileReference; explicitFileType = wrapper.cfbundle; includeInIndex = 0; path = flixterUITests.xctest; sourceTree = BUILT_PRODUCTS_DIR; };
		10FA886D26E027470098E45D /* flixterUITests.swift */ = {isa = PBXFileReference; lastKnownFileType = sourcecode.swift; path = flixterUITests.swift; sourceTree = "<group>"; };
		10FA886F26E027470098E45D /* Info.plist */ = {isa = PBXFileReference; lastKnownFileType = text.plist.xml; path = Info.plist; sourceTree = "<group>"; };
		10FA887B26E027D90098E45D /* MoviesViewController.swift */ = {isa = PBXFileReference; lastKnownFileType = sourcecode.swift; path = MoviesViewController.swift; sourceTree = "<group>"; };
		236D07CBE895E3243AA7019A /* Pods-flixter-flixterUITests.debug.xcconfig */ = {isa = PBXFileReference; includeInIndex = 1; lastKnownFileType = text.xcconfig; name = "Pods-flixter-flixterUITests.debug.xcconfig"; path = "Target Support Files/Pods-flixter-flixterUITests/Pods-flixter-flixterUITests.debug.xcconfig"; sourceTree = "<group>"; };
		2E15B6A9A9B7F0426C7A74F9 /* Pods-flixter.debug.xcconfig */ = {isa = PBXFileReference; includeInIndex = 1; lastKnownFileType = text.xcconfig; name = "Pods-flixter.debug.xcconfig"; path = "Target Support Files/Pods-flixter/Pods-flixter.debug.xcconfig"; sourceTree = "<group>"; };
		7B0A57E88BF4389227D717DA /* Pods-flixterTests.release.xcconfig */ = {isa = PBXFileReference; includeInIndex = 1; lastKnownFileType = text.xcconfig; name = "Pods-flixterTests.release.xcconfig"; path = "Target Support Files/Pods-flixterTests/Pods-flixterTests.release.xcconfig"; sourceTree = "<group>"; };
		89B5643AD77ED46F893F2EDA /* Pods_flixterTests.framework */ = {isa = PBXFileReference; explicitFileType = wrapper.framework; includeInIndex = 0; path = Pods_flixterTests.framework; sourceTree = BUILT_PRODUCTS_DIR; };
		8A08CAF38CA2429F5EDD79FD /* Pods_flixter_flixterUITests.framework */ = {isa = PBXFileReference; explicitFileType = wrapper.framework; includeInIndex = 0; path = Pods_flixter_flixterUITests.framework; sourceTree = BUILT_PRODUCTS_DIR; };
		9DEAE1FED6A739D3ADCB217C /* Pods-flixterTests.debug.xcconfig */ = {isa = PBXFileReference; includeInIndex = 1; lastKnownFileType = text.xcconfig; name = "Pods-flixterTests.debug.xcconfig"; path = "Target Support Files/Pods-flixterTests/Pods-flixterTests.debug.xcconfig"; sourceTree = "<group>"; };
		ED16C967157579CAD8AA42E8 /* Pods-flixter.release.xcconfig */ = {isa = PBXFileReference; includeInIndex = 1; lastKnownFileType = text.xcconfig; name = "Pods-flixter.release.xcconfig"; path = "Target Support Files/Pods-flixter/Pods-flixter.release.xcconfig"; sourceTree = "<group>"; };
		F8D0910B95C27C5313075C84 /* Pods-flixter-flixterUITests.release.xcconfig */ = {isa = PBXFileReference; includeInIndex = 1; lastKnownFileType = text.xcconfig; name = "Pods-flixter-flixterUITests.release.xcconfig"; path = "Target Support Files/Pods-flixter-flixterUITests/Pods-flixter-flixterUITests.release.xcconfig"; sourceTree = "<group>"; };
/* End PBXFileReference section */

/* Begin PBXFrameworksBuildPhase section */
		10FA884526E027430098E45D /* Frameworks */ = {
			isa = PBXFrameworksBuildPhase;
			buildActionMask = 2147483647;
			files = (
				1087428826E1A9B100E9FBD3 /* AlamofireImage in Frameworks */,
				A8FC060F71E744CC9C8C0F05 /* Pods_flixter.framework in Frameworks */,
			);
			runOnlyForDeploymentPostprocessing = 0;
		};
		10FA885B26E027470098E45D /* Frameworks */ = {
			isa = PBXFrameworksBuildPhase;
			buildActionMask = 2147483647;
			files = (
				230A54B3286BD6AF01BA8E11 /* Pods_flixterTests.framework in Frameworks */,
			);
			runOnlyForDeploymentPostprocessing = 0;
		};
		10FA886626E027470098E45D /* Frameworks */ = {
			isa = PBXFrameworksBuildPhase;
			buildActionMask = 2147483647;
			files = (
				E48B7CA6790AF608158DC337 /* Pods_flixter_flixterUITests.framework in Frameworks */,
			);
			runOnlyForDeploymentPostprocessing = 0;
		};
/* End PBXFrameworksBuildPhase section */

/* Begin PBXGroup section */
		0A11CEF6331886E05B049BD8 /* Frameworks */ = {
			isa = PBXGroup;
			children = (
				0AC83DF47E16E3FF72F8B148 /* Pods_flixter.framework */,
				8A08CAF38CA2429F5EDD79FD /* Pods_flixter_flixterUITests.framework */,
				89B5643AD77ED46F893F2EDA /* Pods_flixterTests.framework */,
			);
			name = Frameworks;
			sourceTree = "<group>";
		};
		10FA883F26E027430098E45D = {
			isa = PBXGroup;
			children = (
				10FA884A26E027430098E45D /* flixter */,
				10FA886126E027470098E45D /* flixterTests */,
				10FA886C26E027470098E45D /* flixterUITests */,
				10FA884926E027430098E45D /* Products */,
				F5DEF0A813C6854AC267D7A0 /* Pods */,
				0A11CEF6331886E05B049BD8 /* Frameworks */,
			);
			sourceTree = "<group>";
		};
		10FA884926E027430098E45D /* Products */ = {
			isa = PBXGroup;
			children = (
				10FA884826E027430098E45D /* flixter.app */,
				10FA885E26E027470098E45D /* flixterTests.xctest */,
				10FA886926E027470098E45D /* flixterUITests.xctest */,
			);
			name = Products;
			sourceTree = "<group>";
		};
		10FA884A26E027430098E45D /* flixter */ = {
			isa = PBXGroup;
			children = (
				10FA884B26E027430098E45D /* AppDelegate.swift */,
				10FA884D26E027430098E45D /* SceneDelegate.swift */,
				10FA884F26E027430098E45D /* ViewController.swift */,
				10FA885126E027430098E45D /* Main.storyboard */,
				1087429526E2FFD500E9FBD3 /* MovieCell.swift */,
				10FA885426E027470098E45D /* Assets.xcassets */,
				10FA885626E027470098E45D /* LaunchScreen.storyboard */,
				10FA885926E027470098E45D /* Info.plist */,
				10FA887B26E027D90098E45D /* MoviesViewController.swift */,
				1087428926E2781F00E9FBD3 /* MovieDetailsViewController.swift */,
				1087428B26E2F27300E9FBD3 /* MovieGridViewController.swift */,
				1087429326E2FC1800E9FBD3 /* MovieGridCell.swift */,
			);
			path = flixter;
			sourceTree = "<group>";
		};
		10FA886126E027470098E45D /* flixterTests */ = {
			isa = PBXGroup;
			children = (
				10FA886226E027470098E45D /* flixterTests.swift */,
				10FA886426E027470098E45D /* Info.plist */,
			);
			path = flixterTests;
			sourceTree = "<group>";
		};
		10FA886C26E027470098E45D /* flixterUITests */ = {
			isa = PBXGroup;
			children = (
				10FA886D26E027470098E45D /* flixterUITests.swift */,
				10FA886F26E027470098E45D /* Info.plist */,
			);
			path = flixterUITests;
			sourceTree = "<group>";
		};
		F5DEF0A813C6854AC267D7A0 /* Pods */ = {
			isa = PBXGroup;
			children = (
				2E15B6A9A9B7F0426C7A74F9 /* Pods-flixter.debug.xcconfig */,
				ED16C967157579CAD8AA42E8 /* Pods-flixter.release.xcconfig */,
				236D07CBE895E3243AA7019A /* Pods-flixter-flixterUITests.debug.xcconfig */,
				F8D0910B95C27C5313075C84 /* Pods-flixter-flixterUITests.release.xcconfig */,
				9DEAE1FED6A739D3ADCB217C /* Pods-flixterTests.debug.xcconfig */,
				7B0A57E88BF4389227D717DA /* Pods-flixterTests.release.xcconfig */,
			);
			path = Pods;
			sourceTree = "<group>";
		};
/* End PBXGroup section */

/* Begin PBXNativeTarget section */
		10FA884726E027430098E45D /* flixter */ = {
			isa = PBXNativeTarget;
			buildConfigurationList = 10FA887226E027470098E45D /* Build configuration list for PBXNativeTarget "flixter" */;
			buildPhases = (
				9F034484775A29EC5BBA0B1A /* [CP] Check Pods Manifest.lock */,
				10FA884426E027430098E45D /* Sources */,
				10FA884526E027430098E45D /* Frameworks */,
				10FA884626E027430098E45D /* Resources */,
				5EF5FCBC38EA9D17CDCBE65D /* [CP] Embed Pods Frameworks */,
			);
			buildRules = (
			);
			dependencies = (
			);
			name = flixter;
			packageProductDependencies = (
				1087428726E1A9B100E9FBD3 /* AlamofireImage */,
			);
			productName = flixter;
			productReference = 10FA884826E027430098E45D /* flixter.app */;
			productType = "com.apple.product-type.application";
		};
		10FA885D26E027470098E45D /* flixterTests */ = {
			isa = PBXNativeTarget;
			buildConfigurationList = 10FA887526E027470098E45D /* Build configuration list for PBXNativeTarget "flixterTests" */;
			buildPhases = (
				4C87B4DCE257E21360FA739E /* [CP] Check Pods Manifest.lock */,
				10FA885A26E027470098E45D /* Sources */,
				10FA885B26E027470098E45D /* Frameworks */,
				10FA885C26E027470098E45D /* Resources */,
			);
			buildRules = (
			);
			dependencies = (
				10FA886026E027470098E45D /* PBXTargetDependency */,
			);
			name = flixterTests;
			productName = flixterTests;
			productReference = 10FA885E26E027470098E45D /* flixterTests.xctest */;
			productType = "com.apple.product-type.bundle.unit-test";
		};
		10FA886826E027470098E45D /* flixterUITests */ = {
			isa = PBXNativeTarget;
			buildConfigurationList = 10FA887826E027470098E45D /* Build configuration list for PBXNativeTarget "flixterUITests" */;
			buildPhases = (
				12D7CEA7734DA8567528422F /* [CP] Check Pods Manifest.lock */,
				10FA886526E027470098E45D /* Sources */,
				10FA886626E027470098E45D /* Frameworks */,
				10FA886726E027470098E45D /* Resources */,
				3ED482EC5A964ECE04B4C822 /* [CP] Embed Pods Frameworks */,
			);
			buildRules = (
			);
			dependencies = (
				10FA886B26E027470098E45D /* PBXTargetDependency */,
			);
			name = flixterUITests;
			productName = flixterUITests;
			productReference = 10FA886926E027470098E45D /* flixterUITests.xctest */;
			productType = "com.apple.product-type.bundle.ui-testing";
		};
/* End PBXNativeTarget section */

/* Begin PBXProject section */
		10FA884026E027430098E45D /* Project object */ = {
			isa = PBXProject;
			attributes = {
				LastSwiftUpdateCheck = 1250;
				LastUpgradeCheck = 1250;
				TargetAttributes = {
					10FA884726E027430098E45D = {
						CreatedOnToolsVersion = 12.5.1;
					};
					10FA885D26E027470098E45D = {
						CreatedOnToolsVersion = 12.5.1;
						TestTargetID = 10FA884726E027430098E45D;
					};
					10FA886826E027470098E45D = {
						CreatedOnToolsVersion = 12.5.1;
						TestTargetID = 10FA884726E027430098E45D;
					};
				};
			};
			buildConfigurationList = 10FA884326E027430098E45D /* Build configuration list for PBXProject "flixter" */;
			compatibilityVersion = "Xcode 9.3";
			developmentRegion = en;
			hasScannedForEncodings = 0;
			knownRegions = (
				en,
				Base,
			);
			mainGroup = 10FA883F26E027430098E45D;
			packageReferences = (
				1087428626E1A9B100E9FBD3 /* XCRemoteSwiftPackageReference "AlamofireImage" */,
			);
			productRefGroup = 10FA884926E027430098E45D /* Products */;
			projectDirPath = "";
			projectRoot = "";
			targets = (
				10FA884726E027430098E45D /* flixter */,
				10FA885D26E027470098E45D /* flixterTests */,
				10FA886826E027470098E45D /* flixterUITests */,
			);
		};
/* End PBXProject section */

/* Begin PBXResourcesBuildPhase section */
		10FA884626E027430098E45D /* Resources */ = {
			isa = PBXResourcesBuildPhase;
			buildActionMask = 2147483647;
			files = (
				10FA885826E027470098E45D /* LaunchScreen.storyboard in Resources */,
				10FA885526E027470098E45D /* Assets.xcassets in Resources */,
				10FA885326E027430098E45D /* Main.storyboard in Resources */,
			);
			runOnlyForDeploymentPostprocessing = 0;
		};
		10FA885C26E027470098E45D /* Resources */ = {
			isa = PBXResourcesBuildPhase;
			buildActionMask = 2147483647;
			files = (
			);
			runOnlyForDeploymentPostprocessing = 0;
		};
		10FA886726E027470098E45D /* Resources */ = {
			isa = PBXResourcesBuildPhase;
			buildActionMask = 2147483647;
			files = (
			);
			runOnlyForDeploymentPostprocessing = 0;
		};
/* End PBXResourcesBuildPhase section */

/* Begin PBXShellScriptBuildPhase section */
		12D7CEA7734DA8567528422F /* [CP] Check Pods Manifest.lock */ = {
			isa = PBXShellScriptBuildPhase;
			buildActionMask = 2147483647;
			files = (
			);
			inputFileListPaths = (
			);
			inputPaths = (
				"${PODS_PODFILE_DIR_PATH}/Podfile.lock",
				"${PODS_ROOT}/Manifest.lock",
			);
			name = "[CP] Check Pods Manifest.lock";
			outputFileListPaths = (
			);
			outputPaths = (
				"$(DERIVED_FILE_DIR)/Pods-flixter-flixterUITests-checkManifestLockResult.txt",
			);
			runOnlyForDeploymentPostprocessing = 0;
			shellPath = /bin/sh;
			shellScript = "diff \"${PODS_PODFILE_DIR_PATH}/Podfile.lock\" \"${PODS_ROOT}/Manifest.lock\" > /dev/null\nif [ $? != 0 ] ; then\n    # print error to STDERR\n    echo \"error: The sandbox is not in sync with the Podfile.lock. Run 'pod install' or update your CocoaPods installation.\" >&2\n    exit 1\nfi\n# This output is used by Xcode 'outputs' to avoid re-running this script phase.\necho \"SUCCESS\" > \"${SCRIPT_OUTPUT_FILE_0}\"\n";
			showEnvVarsInLog = 0;
		};
		3ED482EC5A964ECE04B4C822 /* [CP] Embed Pods Frameworks */ = {
			isa = PBXShellScriptBuildPhase;
			buildActionMask = 2147483647;
			files = (
			);
			inputFileListPaths = (
				"${PODS_ROOT}/Target Support Files/Pods-flixter-flixterUITests/Pods-flixter-flixterUITests-frameworks-${CONFIGURATION}-input-files.xcfilelist",
			);
			name = "[CP] Embed Pods Frameworks";
			outputFileListPaths = (
				"${PODS_ROOT}/Target Support Files/Pods-flixter-flixterUITests/Pods-flixter-flixterUITests-frameworks-${CONFIGURATION}-output-files.xcfilelist",
			);
			runOnlyForDeploymentPostprocessing = 0;
			shellPath = /bin/sh;
			shellScript = "\"${PODS_ROOT}/Target Support Files/Pods-flixter-flixterUITests/Pods-flixter-flixterUITests-frameworks.sh\"\n";
			showEnvVarsInLog = 0;
		};
		4C87B4DCE257E21360FA739E /* [CP] Check Pods Manifest.lock */ = {
			isa = PBXShellScriptBuildPhase;
			buildActionMask = 2147483647;
			files = (
			);
			inputFileListPaths = (
			);
			inputPaths = (
				"${PODS_PODFILE_DIR_PATH}/Podfile.lock",
				"${PODS_ROOT}/Manifest.lock",
			);
			name = "[CP] Check Pods Manifest.lock";
			outputFileListPaths = (
			);
			outputPaths = (
				"$(DERIVED_FILE_DIR)/Pods-flixterTests-checkManifestLockResult.txt",
			);
			runOnlyForDeploymentPostprocessing = 0;
			shellPath = /bin/sh;
			shellScript = "diff \"${PODS_PODFILE_DIR_PATH}/Podfile.lock\" \"${PODS_ROOT}/Manifest.lock\" > /dev/null\nif [ $? != 0 ] ; then\n    # print error to STDERR\n    echo \"error: The sandbox is not in sync with the Podfile.lock. Run 'pod install' or update your CocoaPods installation.\" >&2\n    exit 1\nfi\n# This output is used by Xcode 'outputs' to avoid re-running this script phase.\necho \"SUCCESS\" > \"${SCRIPT_OUTPUT_FILE_0}\"\n";
			showEnvVarsInLog = 0;
		};
		5EF5FCBC38EA9D17CDCBE65D /* [CP] Embed Pods Frameworks */ = {
			isa = PBXShellScriptBuildPhase;
			buildActionMask = 2147483647;
			files = (
			);
			inputFileListPaths = (
				"${PODS_ROOT}/Target Support Files/Pods-flixter/Pods-flixter-frameworks-${CONFIGURATION}-input-files.xcfilelist",
			);
			name = "[CP] Embed Pods Frameworks";
			outputFileListPaths = (
				"${PODS_ROOT}/Target Support Files/Pods-flixter/Pods-flixter-frameworks-${CONFIGURATION}-output-files.xcfilelist",
			);
			runOnlyForDeploymentPostprocessing = 0;
			shellPath = /bin/sh;
			shellScript = "\"${PODS_ROOT}/Target Support Files/Pods-flixter/Pods-flixter-frameworks.sh\"\n";
			showEnvVarsInLog = 0;
		};
		9F034484775A29EC5BBA0B1A /* [CP] Check Pods Manifest.lock */ = {
			isa = PBXShellScriptBuildPhase;
			buildActionMask = 2147483647;
			files = (
			);
			inputFileListPaths = (
			);
			inputPaths = (
				"${PODS_PODFILE_DIR_PATH}/Podfile.lock",
				"${PODS_ROOT}/Manifest.lock",
			);
			name = "[CP] Check Pods Manifest.lock";
			outputFileListPaths = (
			);
			outputPaths = (
				"$(DERIVED_FILE_DIR)/Pods-flixter-checkManifestLockResult.txt",
			);
			runOnlyForDeploymentPostprocessing = 0;
			shellPath = /bin/sh;
			shellScript = "diff \"${PODS_PODFILE_DIR_PATH}/Podfile.lock\" \"${PODS_ROOT}/Manifest.lock\" > /dev/null\nif [ $? != 0 ] ; then\n    # print error to STDERR\n    echo \"error: The sandbox is not in sync with the Podfile.lock. Run 'pod install' or update your CocoaPods installation.\" >&2\n    exit 1\nfi\n# This output is used by Xcode 'outputs' to avoid re-running this script phase.\necho \"SUCCESS\" > \"${SCRIPT_OUTPUT_FILE_0}\"\n";
			showEnvVarsInLog = 0;
		};
/* End PBXShellScriptBuildPhase section */

/* Begin PBXSourcesBuildPhase section */
		10FA884426E027430098E45D /* Sources */ = {
			isa = PBXSourcesBuildPhase;
			buildActionMask = 2147483647;
			files = (
				10FA885026E027430098E45D /* ViewController.swift in Sources */,
				10FA884C26E027430098E45D /* AppDelegate.swift in Sources */,
				1087429626E2FFD500E9FBD3 /* MovieCell.swift in Sources */,
				1087428A26E2781F00E9FBD3 /* MovieDetailsViewController.swift in Sources */,
				1087428C26E2F27300E9FBD3 /* MovieGridViewController.swift in Sources */,
				10FA884E26E027430098E45D /* SceneDelegate.swift in Sources */,
				10FA887C26E027D90098E45D /* MoviesViewController.swift in Sources */,
				1087429426E2FC1800E9FBD3 /* MovieGridCell.swift in Sources */,
			);
			runOnlyForDeploymentPostprocessing = 0;
		};
		10FA885A26E027470098E45D /* Sources */ = {
			isa = PBXSourcesBuildPhase;
			buildActionMask = 2147483647;
			files = (
				10FA886326E027470098E45D /* flixterTests.swift in Sources */,
			);
			runOnlyForDeploymentPostprocessing = 0;
		};
		10FA886526E027470098E45D /* Sources */ = {
			isa = PBXSourcesBuildPhase;
			buildActionMask = 2147483647;
			files = (
				10FA886E26E027470098E45D /* flixterUITests.swift in Sources */,
			);
			runOnlyForDeploymentPostprocessing = 0;
		};
/* End PBXSourcesBuildPhase section */

/* Begin PBXTargetDependency section */
		10FA886026E027470098E45D /* PBXTargetDependency */ = {
			isa = PBXTargetDependency;
			target = 10FA884726E027430098E45D /* flixter */;
			targetProxy = 10FA885F26E027470098E45D /* PBXContainerItemProxy */;
		};
		10FA886B26E027470098E45D /* PBXTargetDependency */ = {
			isa = PBXTargetDependency;
			target = 10FA884726E027430098E45D /* flixter */;
			targetProxy = 10FA886A26E027470098E45D /* PBXContainerItemProxy */;
		};
/* End PBXTargetDependency section */

/* Begin PBXVariantGroup section */
		10FA885126E027430098E45D /* Main.storyboard */ = {
			isa = PBXVariantGroup;
			children = (
				10FA885226E027430098E45D /* Base */,
			);
			name = Main.storyboard;
			sourceTree = "<group>";
		};
		10FA885626E027470098E45D /* LaunchScreen.storyboard */ = {
			isa = PBXVariantGroup;
			children = (
				10FA885726E027470098E45D /* Base */,
			);
			name = LaunchScreen.storyboard;
			sourceTree = "<group>";
		};
/* End PBXVariantGroup section */

/* Begin XCBuildConfiguration section */
		10FA887026E027470098E45D /* Debug */ = {
			isa = XCBuildConfiguration;
			buildSettings = {
				ALWAYS_SEARCH_USER_PATHS = NO;
				CLANG_ANALYZER_NONNULL = YES;
				CLANG_ANALYZER_NUMBER_OBJECT_CONVERSION = YES_AGGRESSIVE;
				CLANG_CXX_LANGUAGE_STANDARD = "gnu++14";
				CLANG_CXX_LIBRARY = "libc++";
				CLANG_ENABLE_MODULES = YES;
				CLANG_ENABLE_OBJC_ARC = YES;
				CLANG_ENABLE_OBJC_WEAK = YES;
				CLANG_WARN_BLOCK_CAPTURE_AUTORELEASING = YES;
				CLANG_WARN_BOOL_CONVERSION = YES;
				CLANG_WARN_COMMA = YES;
				CLANG_WARN_CONSTANT_CONVERSION = YES;
				CLANG_WARN_DEPRECATED_OBJC_IMPLEMENTATIONS = YES;
				CLANG_WARN_DIRECT_OBJC_ISA_USAGE = YES_ERROR;
				CLANG_WARN_DOCUMENTATION_COMMENTS = YES;
				CLANG_WARN_EMPTY_BODY = YES;
				CLANG_WARN_ENUM_CONVERSION = YES;
				CLANG_WARN_INFINITE_RECURSION = YES;
				CLANG_WARN_INT_CONVERSION = YES;
				CLANG_WARN_NON_LITERAL_NULL_CONVERSION = YES;
				CLANG_WARN_OBJC_IMPLICIT_RETAIN_SELF = YES;
				CLANG_WARN_OBJC_LITERAL_CONVERSION = YES;
				CLANG_WARN_OBJC_ROOT_CLASS = YES_ERROR;
				CLANG_WARN_QUOTED_INCLUDE_IN_FRAMEWORK_HEADER = YES;
				CLANG_WARN_RANGE_LOOP_ANALYSIS = YES;
				CLANG_WARN_STRICT_PROTOTYPES = YES;
				CLANG_WARN_SUSPICIOUS_MOVE = YES;
				CLANG_WARN_UNGUARDED_AVAILABILITY = YES_AGGRESSIVE;
				CLANG_WARN_UNREACHABLE_CODE = YES;
				CLANG_WARN__DUPLICATE_METHOD_MATCH = YES;
				COPY_PHASE_STRIP = NO;
				DEBUG_INFORMATION_FORMAT = dwarf;
				ENABLE_STRICT_OBJC_MSGSEND = YES;
				ENABLE_TESTABILITY = YES;
				GCC_C_LANGUAGE_STANDARD = gnu11;
				GCC_DYNAMIC_NO_PIC = NO;
				GCC_NO_COMMON_BLOCKS = YES;
				GCC_OPTIMIZATION_LEVEL = 0;
				GCC_PREPROCESSOR_DEFINITIONS = (
					"DEBUG=1",
					"$(inherited)",
				);
				GCC_WARN_64_TO_32_BIT_CONVERSION = YES;
				GCC_WARN_ABOUT_RETURN_TYPE = YES_ERROR;
				GCC_WARN_UNDECLARED_SELECTOR = YES;
				GCC_WARN_UNINITIALIZED_AUTOS = YES_AGGRESSIVE;
				GCC_WARN_UNUSED_FUNCTION = YES;
				GCC_WARN_UNUSED_VARIABLE = YES;
				IPHONEOS_DEPLOYMENT_TARGET = 14.5;
				MTL_ENABLE_DEBUG_INFO = INCLUDE_SOURCE;
				MTL_FAST_MATH = YES;
				ONLY_ACTIVE_ARCH = YES;
				SDKROOT = iphoneos;
				SWIFT_ACTIVE_COMPILATION_CONDITIONS = DEBUG;
				SWIFT_OPTIMIZATION_LEVEL = "-Onone";
			};
			name = Debug;
		};
		10FA887126E027470098E45D /* Release */ = {
			isa = XCBuildConfiguration;
			buildSettings = {
				ALWAYS_SEARCH_USER_PATHS = NO;
				CLANG_ANALYZER_NONNULL = YES;
				CLANG_ANALYZER_NUMBER_OBJECT_CONVERSION = YES_AGGRESSIVE;
				CLANG_CXX_LANGUAGE_STANDARD = "gnu++14";
				CLANG_CXX_LIBRARY = "libc++";
				CLANG_ENABLE_MODULES = YES;
				CLANG_ENABLE_OBJC_ARC = YES;
				CLANG_ENABLE_OBJC_WEAK = YES;
				CLANG_WARN_BLOCK_CAPTURE_AUTORELEASING = YES;
				CLANG_WARN_BOOL_CONVERSION = YES;
				CLANG_WARN_COMMA = YES;
				CLANG_WARN_CONSTANT_CONVERSION = YES;
				CLANG_WARN_DEPRECATED_OBJC_IMPLEMENTATIONS = YES;
				CLANG_WARN_DIRECT_OBJC_ISA_USAGE = YES_ERROR;
				CLANG_WARN_DOCUMENTATION_COMMENTS = YES;
				CLANG_WARN_EMPTY_BODY = YES;
				CLANG_WARN_ENUM_CONVERSION = YES;
				CLANG_WARN_INFINITE_RECURSION = YES;
				CLANG_WARN_INT_CONVERSION = YES;
				CLANG_WARN_NON_LITERAL_NULL_CONVERSION = YES;
				CLANG_WARN_OBJC_IMPLICIT_RETAIN_SELF = YES;
				CLANG_WARN_OBJC_LITERAL_CONVERSION = YES;
				CLANG_WARN_OBJC_ROOT_CLASS = YES_ERROR;
				CLANG_WARN_QUOTED_INCLUDE_IN_FRAMEWORK_HEADER = YES;
				CLANG_WARN_RANGE_LOOP_ANALYSIS = YES;
				CLANG_WARN_STRICT_PROTOTYPES = YES;
				CLANG_WARN_SUSPICIOUS_MOVE = YES;
				CLANG_WARN_UNGUARDED_AVAILABILITY = YES_AGGRESSIVE;
				CLANG_WARN_UNREACHABLE_CODE = YES;
				CLANG_WARN__DUPLICATE_METHOD_MATCH = YES;
				COPY_PHASE_STRIP = NO;
				DEBUG_INFORMATION_FORMAT = "dwarf-with-dsym";
				ENABLE_NS_ASSERTIONS = NO;
				ENABLE_STRICT_OBJC_MSGSEND = YES;
				GCC_C_LANGUAGE_STANDARD = gnu11;
				GCC_NO_COMMON_BLOCKS = YES;
				GCC_WARN_64_TO_32_BIT_CONVERSION = YES;
				GCC_WARN_ABOUT_RETURN_TYPE = YES_ERROR;
				GCC_WARN_UNDECLARED_SELECTOR = YES;
				GCC_WARN_UNINITIALIZED_AUTOS = YES_AGGRESSIVE;
				GCC_WARN_UNUSED_FUNCTION = YES;
				GCC_WARN_UNUSED_VARIABLE = YES;
				IPHONEOS_DEPLOYMENT_TARGET = 14.5;
				MTL_ENABLE_DEBUG_INFO = NO;
				MTL_FAST_MATH = YES;
				SDKROOT = iphoneos;
				SWIFT_COMPILATION_MODE = wholemodule;
				SWIFT_OPTIMIZATION_LEVEL = "-O";
				VALIDATE_PRODUCT = YES;
			};
			name = Release;
		};
		10FA887326E027470098E45D /* Debug */ = {
			isa = XCBuildConfiguration;
			baseConfigurationReference = 2E15B6A9A9B7F0426C7A74F9 /* Pods-flixter.debug.xcconfig */;
			buildSettings = {
				ASSETCATALOG_COMPILER_APPICON_NAME = AppIcon;
				ASSETCATALOG_COMPILER_GLOBAL_ACCENT_COLOR_NAME = AccentColor;
				CODE_SIGN_STYLE = Automatic;
				DEVELOPMENT_TEAM = N2M2K2MSUF;
				INFOPLIST_FILE = flixter/Info.plist;
				LD_RUNPATH_SEARCH_PATHS = (
					"$(inherited)",
					"@executable_path/Frameworks",
				);
				PRODUCT_BUNDLE_IDENTIFIER = com.fernando.flixter;
				PRODUCT_NAME = "$(TARGET_NAME)";
				SWIFT_VERSION = 5.0;
				TARGETED_DEVICE_FAMILY = "1,2";
			};
			name = Debug;
		};
		10FA887426E027470098E45D /* Release */ = {
			isa = XCBuildConfiguration;
			baseConfigurationReference = ED16C967157579CAD8AA42E8 /* Pods-flixter.release.xcconfig */;
			buildSettings = {
				ASSETCATALOG_COMPILER_APPICON_NAME = AppIcon;
				ASSETCATALOG_COMPILER_GLOBAL_ACCENT_COLOR_NAME = AccentColor;
				CODE_SIGN_STYLE = Automatic;
				DEVELOPMENT_TEAM = N2M2K2MSUF;
				INFOPLIST_FILE = flixter/Info.plist;
				LD_RUNPATH_SEARCH_PATHS = (
					"$(inherited)",
					"@executable_path/Frameworks",
				);
				PRODUCT_BUNDLE_IDENTIFIER = com.fernando.flixter;
				PRODUCT_NAME = "$(TARGET_NAME)";
				SWIFT_VERSION = 5.0;
				TARGETED_DEVICE_FAMILY = "1,2";
			};
			name = Release;
		};
		10FA887626E027470098E45D /* Debug */ = {
			isa = XCBuildConfiguration;
			baseConfigurationReference = 9DEAE1FED6A739D3ADCB217C /* Pods-flixterTests.debug.xcconfig */;
			buildSettings = {
				ALWAYS_EMBED_SWIFT_STANDARD_LIBRARIES = YES;
				BUNDLE_LOADER = "$(TEST_HOST)";
				CODE_SIGN_STYLE = Automatic;
				INFOPLIST_FILE = flixterTests/Info.plist;
				IPHONEOS_DEPLOYMENT_TARGET = 14.5;
				LD_RUNPATH_SEARCH_PATHS = (
					"$(inherited)",
					"@executable_path/Frameworks",
					"@loader_path/Frameworks",
				);
				PRODUCT_BUNDLE_IDENTIFIER = com.fernando.flixterTests;
				PRODUCT_NAME = "$(TARGET_NAME)";
				SWIFT_VERSION = 5.0;
				TARGETED_DEVICE_FAMILY = "1,2";
				TEST_HOST = "$(BUILT_PRODUCTS_DIR)/flixter.app/flixter";
			};
			name = Debug;
		};
		10FA887726E027470098E45D /* Release */ = {
			isa = XCBuildConfiguration;
			baseConfigurationReference = 7B0A57E88BF4389227D717DA /* Pods-flixterTests.release.xcconfig */;
			buildSettings = {
				ALWAYS_EMBED_SWIFT_STANDARD_LIBRARIES = YES;
				BUNDLE_LOADER = "$(TEST_HOST)";
				CODE_SIGN_STYLE = Automatic;
				INFOPLIST_FILE = flixterTests/Info.plist;
				IPHONEOS_DEPLOYMENT_TARGET = 14.5;
				LD_RUNPATH_SEARCH_PATHS = (
					"$(inherited)",
					"@executable_path/Frameworks",
					"@loader_path/Frameworks",
				);
				PRODUCT_BUNDLE_IDENTIFIER = com.fernando.flixterTests;
				PRODUCT_NAME = "$(TARGET_NAME)";
				SWIFT_VERSION = 5.0;
				TARGETED_DEVICE_FAMILY = "1,2";
				TEST_HOST = "$(BUILT_PRODUCTS_DIR)/flixter.app/flixter";
			};
			name = Release;
		};
		10FA887926E027470098E45D /* Debug */ = {
			isa = XCBuildConfiguration;
			baseConfigurationReference = 236D07CBE895E3243AA7019A /* Pods-flixter-flixterUITests.debug.xcconfig */;
			buildSettings = {
				ALWAYS_EMBED_SWIFT_STANDARD_LIBRARIES = YES;
				CODE_SIGN_STYLE = Automatic;
				INFOPLIST_FILE = flixterUITests/Info.plist;
				LD_RUNPATH_SEARCH_PATHS = (
					"$(inherited)",
					"@executable_path/Frameworks",
					"@loader_path/Frameworks",
				);
				PRODUCT_BUNDLE_IDENTIFIER = com.fernando.flixterUITests;
				PRODUCT_NAME = "$(TARGET_NAME)";
				SWIFT_VERSION = 5.0;
				TARGETED_DEVICE_FAMILY = "1,2";
				TEST_TARGET_NAME = flixter;
			};
			name = Debug;
		};
		10FA887A26E027470098E45D /* Release */ = {
			isa = XCBuildConfiguration;
			baseConfigurationReference = F8D0910B95C27C5313075C84 /* Pods-flixter-flixterUITests.release.xcconfig */;
			buildSettings = {
				ALWAYS_EMBED_SWIFT_STANDARD_LIBRARIES = YES;
				CODE_SIGN_STYLE = Automatic;
				INFOPLIST_FILE = flixterUITests/Info.plist;
				LD_RUNPATH_SEARCH_PATHS = (
					"$(inherited)",
					"@executable_path/Frameworks",
					"@loader_path/Frameworks",
				);
				PRODUCT_BUNDLE_IDENTIFIER = com.fernando.flixterUITests;
				PRODUCT_NAME = "$(TARGET_NAME)";
				SWIFT_VERSION = 5.0;
				TARGETED_DEVICE_FAMILY = "1,2";
				TEST_TARGET_NAME = flixter;
			};
			name = Release;
		};
/* End XCBuildConfiguration section */

/* Begin XCConfigurationList section */
		10FA884326E027430098E45D /* Build configuration list for PBXProject "flixter" */ = {
			isa = XCConfigurationList;
			buildConfigurations = (
				10FA887026E027470098E45D /* Debug */,
				10FA887126E027470098E45D /* Release */,
			);
			defaultConfigurationIsVisible = 0;
			defaultConfigurationName = Release;
		};
		10FA887226E027470098E45D /* Build configuration list for PBXNativeTarget "flixter" */ = {
			isa = XCConfigurationList;
			buildConfigurations = (
				10FA887326E027470098E45D /* Debug */,
				10FA887426E027470098E45D /* Release */,
			);
			defaultConfigurationIsVisible = 0;
			defaultConfigurationName = Release;
		};
		10FA887526E027470098E45D /* Build configuration list for PBXNativeTarget "flixterTests" */ = {
			isa = XCConfigurationList;
			buildConfigurations = (
				10FA887626E027470098E45D /* Debug */,
				10FA887726E027470098E45D /* Release */,
			);
			defaultConfigurationIsVisible = 0;
			defaultConfigurationName = Release;
		};
		10FA887826E027470098E45D /* Build configuration list for PBXNativeTarget "flixterUITests" */ = {
			isa = XCConfigurationList;
			buildConfigurations = (
				10FA887926E027470098E45D /* Debug */,
				10FA887A26E027470098E45D /* Release */,
			);
			defaultConfigurationIsVisible = 0;
			defaultConfigurationName = Release;
		};
/* End XCConfigurationList section */

/* Begin XCRemoteSwiftPackageReference section */
		1087428626E1A9B100E9FBD3 /* XCRemoteSwiftPackageReference "AlamofireImage" */ = {
			isa = XCRemoteSwiftPackageReference;
			repositoryURL = "https://github.com/Alamofire/AlamofireImage";
			requirement = {
				kind = upToNextMajorVersion;
				minimumVersion = 4.2.0;
			};
		};
/* End XCRemoteSwiftPackageReference section */

/* Begin XCSwiftPackageProductDependency section */
		1087428726E1A9B100E9FBD3 /* AlamofireImage */ = {
			isa = XCSwiftPackageProductDependency;
			package = 1087428626E1A9B100E9FBD3 /* XCRemoteSwiftPackageReference "AlamofireImage" */;
			productName = AlamofireImage;
		};
/* End XCSwiftPackageProductDependency section */
	};
	rootObject = 10FA884026E027430098E45D /* Project object */;
}
